# This file was autogenerated by Stack.
# You should not edit this file by hand.
# For more information, please see the documentation at:
#   https://docs.haskellstack.org/en/stable/lock_files

packages:
- completed:
    name: laws
    version: '0.4'
    git: https://github.com/Simspace/laws
    pantry-tree:
      size: 662
      sha256: c5b49942a0c5667d1d2c384cc189792d3cf9a1ba83e9942d8588a68074e14d83
    commit: 8d5340bbc96c90ffc7094ed9a5a1aaf59fbd911c
  original:
    git: https://github.com/Simspace/laws
    commit: 8d5340bbc96c90ffc7094ed9a5a1aaf59fbd911c
- completed:
    name: tasty-dumbcheck
    version: '0.1'
    git: https://github.com/Simspace/tasty-dumbcheck
    pantry-tree:
      size: 538
      sha256: 067c76a47f3e1baea288a885ec98a0befcdd549daee0757fdff77bc5f18b7dc1
    commit: a02abdecd41e69caec85515045d976ffba3fc1b6
  original:
    git: https://github.com/Simspace/tasty-dumbcheck
    commit: a02abdecd41e69caec85515045d976ffba3fc1b6
- completed:
    name: tasty-laws
    version: 0.3.1
    git: https://github.com/Simspace/tasty-laws
    pantry-tree:
      size: 2319
      sha256: de31ee3e81c19bf4465c12df08aca4cb947afb1f9ea3fab787c77c8376eb42f6
    commit: 70abf60f8559a53dea2289e7f3048117b91ef31b
  original:
    git: https://github.com/Simspace/tasty-laws
    commit: 70abf60f8559a53dea2289e7f3048117b91ef31b
- completed:
    name: on-error
    version: 0.0.0
    git: https://github.com/Simspace/on-error
    pantry-tree:
      size: 519
      sha256: 71180f2edd8077c18534d1424b1cf3cf47fe39e7c4f4adcba83c8d589f2b1feb
    commit: d9923c56ad16093a6bff844114d18a312ba833a5
  original:
    git: https://github.com/Simspace/on-error
    commit: d9923c56ad16093a6bff844114d18a312ba833a5
- completed:
    subdir: squeal-postgresql
    name: squeal-postgresql
    version: 0.7.0.1
    git: https://github.com/morphismtech/squeal
    pantry-tree:
      size: 5933
      sha256: 3e862c230614be7fbd30fa955970bb3f6cd6c0faf0951be99967e184afc10dd1
    commit: f25c3052bcecebe5e88ee95143c4ae446c24ca85
  original:
    subdir: squeal-postgresql
    git: https://github.com/morphismtech/squeal
    commit: f25c3052bcecebe5e88ee95143c4ae446c24ca85
- completed:
    subdir: squeal-postgresql-ltree
    name: squeal-postgresql-ltree
    version: 0.1.0.0
    git: https://github.com/morphismtech/squeal
    pantry-tree:
      size: 239
      sha256: ac92dca90772a9fce42bc5dde56188c78d80eca3107ef08d2713738512111fb4
    commit: f25c3052bcecebe5e88ee95143c4ae446c24ca85
  original:
    subdir: squeal-postgresql-ltree
    git: https://github.com/morphismtech/squeal
    commit: f25c3052bcecebe5e88ee95143c4ae446c24ca85
- completed:
    subdir: squeal-postgresql-uuid-ossp
    name: squeal-postgresql-uuid-ossp
    version: 0.1.0.0
    git: https://github.com/morphismtech/squeal
    pantry-tree:
      size: 246
      sha256: cbe95ad566babe343f9c6219e9fca22937f04b74c8be0cc404a2474187dc3b5c
    commit: f25c3052bcecebe5e88ee95143c4ae446c24ca85
  original:
    subdir: squeal-postgresql-uuid-ossp
    git: https://github.com/morphismtech/squeal
    commit: f25c3052bcecebe5e88ee95143c4ae446c24ca85
- completed:
    name: servant-pandoc
    version: 0.5.0.0
    git: https://github.com/SimSpace/servant-pandoc
    pantry-tree:
      size: 879
      sha256: 84cf00a1757e104a13fffe3f4d84113821d8769c3476be29d321730d489ed67d
    commit: 9f814b20cef51549b56bfa57d3a287f653245096
  original:
    git: https://github.com/SimSpace/servant-pandoc
    commit: 9f814b20cef51549b56bfa57d3a287f653245096
- completed:
    name: servant-ekg
    version: 0.3.2
    git: https://github.com/Simspace/servant-ekg
    pantry-tree:
      size: 918
      sha256: 21b77490af15d2077537a674320688887627d7cb5e8efb2d0aa2c636882540f3
    commit: e05c471c62891156c5f1abbc6d739ec236562310
  original:
    git: https://github.com/Simspace/servant-ekg
    commit: e05c471c62891156c5f1abbc6d739ec236562310
- completed:
    subdir: amazonka
    name: amazonka
    version: 1.6.1
    git: https://github.com/Simspace/amazonka
    pantry-tree:
      size: 1038
      sha256: 9cb82a68e70898d5d22a02a43925235126b7c1dd29f2e95b04149bf7beb28a6e
    commit: 1c55a67cd159da204403aab8c8364fc964333997
  original:
    subdir: amazonka
    git: https://github.com/Simspace/amazonka
    commit: 1c55a67cd159da204403aab8c8364fc964333997
- completed:
    subdir: amazonka-s3
    name: amazonka-s3
    version: 1.6.1
    git: https://github.com/Simspace/amazonka
    pantry-tree:
      size: 18431
      sha256: a19d02da301bbcad502e6092d7418a59543747c8bb6f12932bcbc4606f7814ab
    commit: 1c55a67cd159da204403aab8c8364fc964333997
  original:
    subdir: amazonka-s3
    git: https://github.com/Simspace/amazonka
    commit: 1c55a67cd159da204403aab8c8364fc964333997
- completed:
    subdir: core
    name: amazonka-core
    version: 1.6.1
    git: https://github.com/Simspace/amazonka
    pantry-tree:
      size: 3484
      sha256: 35af010de69e28e719b15343bcab6ce82811580c82273bd973b27a8e98a0c940
    commit: 1c55a67cd159da204403aab8c8364fc964333997
  original:
    subdir: core
    git: https://github.com/Simspace/amazonka
    commit: 1c55a67cd159da204403aab8c8364fc964333997
- completed:
    subdir: core
    name: servant-websockets-core
    version: 0.0.0.1
    git: https://github.com/Simspace/servant-websockets
    pantry-tree:
      size: 194
      sha256: 830a7ae341a45012adfd6239826a4cf69f057ee0d3c16cb788091c4466539202
    commit: a7dd56ebd36133effb85f6b7eeaba2b8dedf0cf9
  original:
    subdir: core
    git: https://github.com/Simspace/servant-websockets
    commit: a7dd56ebd36133effb85f6b7eeaba2b8dedf0cf9
- completed:
    subdir: client
    name: servant-websockets-client
    version: 0.0.0.1
    git: https://github.com/Simspace/servant-websockets
    pantry-tree:
      size: 201
      sha256: d0b466b7011c70577d0c97352b81b77612fd52d9570d1391ab3bd66f3e127f28
    commit: a7dd56ebd36133effb85f6b7eeaba2b8dedf0cf9
  original:
    subdir: client
    git: https://github.com/Simspace/servant-websockets
    commit: a7dd56ebd36133effb85f6b7eeaba2b8dedf0cf9
- completed:
    subdir: docs
    name: servant-websockets-docs
    version: 0.0.0.1
    git: https://github.com/Simspace/servant-websockets
    pantry-tree:
      size: 197
      sha256: dad60f9e140448e226f0024c5245124e29e0ff8b20d3f1860ec67d204668e60f
    commit: a7dd56ebd36133effb85f6b7eeaba2b8dedf0cf9
  original:
    subdir: docs
    git: https://github.com/Simspace/servant-websockets
    commit: a7dd56ebd36133effb85f6b7eeaba2b8dedf0cf9
- completed:
    subdir: server
    name: servant-websockets-server
    version: 0.0.0.1
    git: https://github.com/Simspace/servant-websockets
    pantry-tree:
      size: 201
      sha256: 8ab8e6a864fdbc7d6c12953fba35e7727c3cc878e0ce7c17131075cccd2f3fa2
    commit: a7dd56ebd36133effb85f6b7eeaba2b8dedf0cf9
  original:
    subdir: server
    git: https://github.com/Simspace/servant-websockets
    commit: a7dd56ebd36133effb85f6b7eeaba2b8dedf0cf9
- completed:
    name: uri-templater
    version: 0.3.1.0
    git: https://github.com/iand675/uri-templater
    pantry-tree:
      size: 825
      sha256: 7ab81361c30b1862b78a42ee792ba59526ed2c61506ec72441ccdf3fecdf7f81
    commit: ff5e62f40323c91108dd08b5426a7f093004fafa
  original:
    git: https://github.com/iand675/uri-templater
    commit: ff5e62f40323c91108dd08b5426a7f093004fafa
- completed:
    subdir: core
    name: avaleryar
    version: 0.0.1.1
    git: https://github.com/Simspace/avaleryar
    pantry-tree:
      size: 1570
      sha256: 9751bb07e66cd488d5b2fb5e405c9dc502b5c723c9d005afc2440e0574880412
    commit: 7ef19ec508cb82a67b54fd3d12ba03ae8cfec3fc
  original:
    subdir: core
    git: https://github.com/Simspace/avaleryar
    commit: 7ef19ec508cb82a67b54fd3d12ba03ae8cfec3fc
- completed:
    subdir: repl
    name: avaleryar-repl
    version: 0.0.1.1
    git: https://github.com/Simspace/avaleryar
    pantry-tree:
      size: 239
      sha256: 63dc22875051c820e372d0aa19227bf60b2470ee093d96d86541a6b903488f62
    commit: 7ef19ec508cb82a67b54fd3d12ba03ae8cfec3fc
  original:
    subdir: repl
    git: https://github.com/Simspace/avaleryar
    commit: 7ef19ec508cb82a67b54fd3d12ba03ae8cfec3fc
- completed:
    name: squealgen
    version: 0.1.0.0
    git: https://github.com/mwotton/squealgen
    pantry-tree:
      size: 4815
      sha256: d2eb48d1f5824694075eab59dc12fe9d937db4a8863f2a957e9420c4508d6156
    commit: 72ebca82f75534e806851b8336fc3e2400f801f6
  original:
    git: https://github.com/mwotton/squealgen
    commit: 72ebca82f75534e806851b8336fc3e2400f801f6
- completed:
    name: roboservant
    version: 0.1.0.2
    git: https://github.com/mwotton/roboservant
    pantry-tree:
      size: 2524
      sha256: a7fe3a6366cffae6bd4dc24b09bef1cb95e14a6d638724d034b1922d1f48169e
    commit: b5b9daf01f1c6645bcd2ee2f99f967a99b631062
  original:
    git: https://github.com/mwotton/roboservant
    commit: b5b9daf01f1c6645bcd2ee2f99f967a99b631062
- completed:
    subdir: .
    name: generic-override
    version: 0.0.0.1
    git: https://github.com/estatico/generic-override
    pantry-tree:
      size: 1198
      sha256: b8c88b56e94c5d9223d9936da348db469b1eb3eaf8a477976c1496f9558fe214
    commit: b887d0392ed5ca1de3c10407af9ab8c4f9a0dfee
  original:
    subdir: .
    git: https://github.com/estatico/generic-override
    commit: b887d0392ed5ca1de3c10407af9ab8c4f9a0dfee
- completed:
    subdir: aeson
    name: generic-override-aeson
    version: 0.0.0.1
    git: https://github.com/estatico/generic-override
    pantry-tree:
      size: 353
      sha256: df339d8ca0b1c25df7537b31d5713c023f2a6c156eebaa8b3c4bec48e6337526
    commit: b887d0392ed5ca1de3c10407af9ab8c4f9a0dfee
  original:
    subdir: aeson
    git: https://github.com/estatico/generic-override
    commit: b887d0392ed5ca1de3c10407af9ab8c4f9a0dfee
- completed:
    name: tmp-postgres
    version: 1.35.0.0
    git: https://github.com/Simspace/tmp-postgres
    pantry-tree:
      size: 1616
      sha256: af28d76252a99953affdf7140e7f1343a3f09dc99ea62e94eeb87bf7c459cf06
    commit: 11a8128012879e88cc2338a6c9e79f64991e1352
  original:
    git: https://github.com/Simspace/tmp-postgres
    commit: 11a8128012879e88cc2338a6c9e79f64991e1352
- completed:
    subdir: classy-prelude
    name: classy-prelude
    version: 1.3.1
    git: https://github.com/Simspace/mono-traversable
    pantry-tree:
      size: 429
      sha256: dad37415615dcfaa46683a59e8bb0dab7b1836bc1410ca18db7b191d14be6a91
    commit: 93b3647d4ceddba06ef94c9c993ade32300af0d9
  original:
    subdir: classy-prelude
    git: https://github.com/Simspace/mono-traversable
    commit: 93b3647d4ceddba06ef94c9c993ade32300af0d9
- completed:
    name: broch
    version: '0.1'
    git: https://github.com/tekul/broch
    pantry-tree:
      size: 2589
      sha256: 7ac11a9f351560d955af049f8cf4be5270d0b6b02f6e4a877e9acb77ecfcc140
    commit: 885ace4652cad4dcd806c8c31c1a59bf6a9a3337
  original:
    git: https://github.com/tekul/broch
    commit: 885ace4652cad4dcd806c8c31c1a59bf6a9a3337
- completed:
    name: odd-jobs
    version: 0.2.2
    git: https://github.com/Simspace/odd-jobs
    pantry-tree:
      size: 2562
      sha256: f8bbe3fd4d25eb3ce98921862a92874ddddf4ec6646b9483f1ed527d208cfd4a
    commit: 3e8f5ed9250d832e797aeaeb10b91dce592f3367
  original:
    git: https://github.com/Simspace/odd-jobs
    commit: 3e8f5ed9250d832e797aeaeb10b91dce592f3367
- completed:
    name: servant-validate
    version: 0.1.0.0
    git: https://github.com/Simspace/servant-validate
    pantry-tree:
      size: 658
      sha256: ed5f3935a3d39777f1bb6a702527f16e5047b16f61fd70e51034647498b151dd
    commit: 77be7630cc80fca016f64158c9a7d4134fdca744
  original:
    git: https://github.com/Simspace/servant-validate
    commit: 77be7630cc80fca016f64158c9a7d4134fdca744
- completed:
    name: simformat
    version: 0.1.1.0
    git: https://github.com/Simspace/simformat
    pantry-tree:
      size: 751
      sha256: 4461074cee8847121c9e95d539916ae40e78eba97d3f7ea8674f95c1768f289b
    commit: 1e9c9c790a11231004ab895ec9dd7050d7dddde4
  original:
    git: https://github.com/Simspace/simformat
    commit: 1e9c9c790a11231004ab895ec9dd7050d7dddde4
- completed:
    subdir: cabal-auto-expose
    name: cabal-auto-expose
    version: 0.1.0.2
    git: https://github.com/Simspace/cabal-auto-expose
    pantry-tree:
      size: 1860
      sha256: 39d1bfb006ee61e5c4c5bfa449c48c0085ab4a9b1f2e79cbb37172cd64d9ecf0
    commit: 6f8d16957c4ed1d11f93c8ea7ab66eb72a93217c
  original:
    subdir: cabal-auto-expose
    git: https://github.com/Simspace/cabal-auto-expose
    commit: 6f8d16957c4ed1d11f93c8ea7ab66eb72a93217c
- completed:
    name: semver
    version: 0.4.0.1
    git: https://github.com/simspace/semver
    pantry-tree:
      size: 1113
      sha256: fa1f4ebed9d142a29f2c5330d56afe99eb5a459b862d2165c47da295639254b4
    commit: 353f0e5de569bf707c19c6cc9e5d462530bca765
  original:
    git: https://github.com/simspace/semver
    commit: 353f0e5de569bf707c19c6cc9e5d462530bca765
- completed:
    hackage: Chart-diagrams-1.9.3@sha256:1535d5d0d3febca63138cecfde234315212611c21bb7f4358b2dae8c55c59003,1801
    pantry-tree:
      size: 934
      sha256: 21558b4300fb173ae47c492d600c836e8a3b744a98372aeb5a5e5d40dd1dee2d
  original:
    hackage: Chart-diagrams-1.9.3@sha256:1535d5d0d3febca63138cecfde234315212611c21bb7f4358b2dae8c55c59003,1801
- completed:
    hackage: HaskellNet-SSL-0.3.4.4@sha256:6a1a3c6d3804e857d183e702214476a383628eac83eb4bcbc7d5c4b8a2e05bf3,1704
    pantry-tree:
      size: 577
      sha256: 85697bab25d5c3f0103dec9e2adc3c93029c3647de5d0b0d829bca5fc8bb8188
  original:
    hackage: HaskellNet-SSL-0.3.4.4@sha256:6a1a3c6d3804e857d183e702214476a383628eac83eb4bcbc7d5c4b8a2e05bf3,1704
- completed:
    hackage: Interpolation-0.3.0@sha256:b0381214e6036ed2b6a0a04b7e4ec89736ca531ef03e315a3ec2c494059ff8fb,1319
    pantry-tree:
      size: 226
      sha256: 1752aba83686801ae9f93c293a5555e4f694c2472a3c880ad9f05b7a05033a3c
  original:
    hackage: Interpolation-0.3.0@sha256:b0381214e6036ed2b6a0a04b7e4ec89736ca531ef03e315a3ec2c494059ff8fb,1319
- completed:
    hackage: QuickCheck-GenT-0.2.2@sha256:a07dbc72e88bb27fcd0946cc51f5204d616114decfb3a67957bf4b56c7fea1fb,1435
    pantry-tree:
      size: 293
      sha256: fd2bc1a0b05e40e35ad34a94759f499eff5da5b3a73c0a991483b0e4d3c7ede5
  original:
    hackage: QuickCheck-GenT-0.2.2@sha256:a07dbc72e88bb27fcd0946cc51f5204d616114decfb3a67957bf4b56c7fea1fb,1435
- completed:
    hackage: SVGFonts-1.7.0.1@sha256:1aac5ffd1a7c09317f92e9d31380d61eb96ce412b0dbd4e2d22c609c3d0be360,4039
    pantry-tree:
      size: 1836
      sha256: 69e91027b97050991ce3a1f360a9a63ce90be8c3661a5c3db184536485e645cf
  original:
    hackage: SVGFonts-1.7.0.1@sha256:1aac5ffd1a7c09317f92e9d31380d61eb96ce412b0dbd4e2d22c609c3d0be360,4039
- completed:
    hackage: active-0.2.0.15@sha256:22e235aefdd47121db743e138d309d7529b0eea545f9add8c113ce8f15ccf83e,1767
    pantry-tree:
      size: 1017
      sha256: 6a85d5f65421c1cff60e19d84acd52d077a674212ed00cbc036b4dc68ebd72e3
  original:
    hackage: active-0.2.0.15@sha256:22e235aefdd47121db743e138d309d7529b0eea545f9add8c113ce8f15ccf83e,1767
- completed:
    hackage: bitwise-1.0.0.1@sha256:2499779e8c9d59b3d8660e4994d357328750de8b4d1076c9924fb93404fa4c3a,3110
    pantry-tree:
      size: 760
      sha256: dfc85fd0cf52e0595bd5beffaa2633927703d3f92ebdd7ba21cf71afb1bc4816
  original:
    hackage: bitwise-1.0.0.1@sha256:2499779e8c9d59b3d8660e4994d357328750de8b4d1076c9924fb93404fa4c3a,3110
- completed:
    hackage: composite-base-0.7.5.0@sha256:3c754bca3a1a673e1f0ba9fa88850dd8c650b5a7140dc5afca09bb86e4843c17,2955
    pantry-tree:
      size: 604
      sha256: 504ed3870d3ee32a008f24ac6e1cc5686c201900008499c294fb1b7cdcef9648
  original:
    hackage: composite-base-0.7.5.0@sha256:3c754bca3a1a673e1f0ba9fa88850dd8c650b5a7140dc5afca09bb86e4843c17,2955
- completed:
    hackage: context-0.1.1.1@sha256:504682e0178b866620198bb83664cd8aee4eeea3805d74acd1729dcb696eea89,1928
    pantry-tree:
      size: 952
      sha256: 24b983b151cf4f48c01851ab1e1879054d0a77ac6f80b620efe7711a39b1c05a
  original:
    hackage: context-0.1.1.1@sha256:504682e0178b866620198bb83664cd8aee4eeea3805d74acd1729dcb696eea89,1928
- completed:
    hackage: context-http-client-0.1.0.0@sha256:0d0f0138d66babe3b2477c6441ebdf3730437634a8362d915d6b8304df9f181d,1876
    pantry-tree:
      size: 502
      sha256: c58e3101a51ea1de728fec940bd1001e1dd4b702b1180909c4e6a0f471a410e3
  original:
    hackage: context-http-client-0.1.0.0@sha256:0d0f0138d66babe3b2477c6441ebdf3730437634a8362d915d6b8304df9f181d,1876
- completed:
    hackage: context-resource-0.1.0.0@sha256:acd610d85de023b4c593af39e526cdf5c41ec233f073bb5f99807326954f9314,1754
    pantry-tree:
      size: 476
      sha256: b09cde2559543ff47dd0b2d28280c0c2a1d969b76d1c8393d0e182fcf858c339
  original:
    hackage: context-resource-0.1.0.0@sha256:acd610d85de023b4c593af39e526cdf5c41ec233f073bb5f99807326954f9314,1754
- completed:
    hackage: context-wai-middleware-0.1.0.0@sha256:09aac959be6d83335aa5089b3ce157aac9667b65575a3fc0d77f7aaf335c311e,1902
    pantry-tree:
      size: 511
      sha256: f5eaf5a6e08c6090c4d6382b4b5cf99e3055a904835083e9768da7638bdfdd07
  original:
    hackage: context-wai-middleware-0.1.0.0@sha256:09aac959be6d83335aa5089b3ce157aac9667b65575a3fc0d77f7aaf335c311e,1902
- completed:
    hackage: csv-conduit-0.7.3.0@sha256:050e4c6848f5e840172d18174bc4ee7554d9f716ee3ae038e5a2f52d151e62e7,3481
    pantry-tree:
      size: 886
      sha256: 454cf8fc5a55165090387fdc8c1759840b216aaa70c2ea5837eaafad045fecb7
  original:
    hackage: csv-conduit-0.7.3.0@sha256:050e4c6848f5e840172d18174bc4ee7554d9f716ee3ae038e5a2f52d151e62e7,3481
- completed:
    hackage: data-default-generics-0.3@sha256:f55db7e9dd6186606f6edb410437ed1311217cc8de17495e0b10564fc60708c2,1634
    pantry-tree:
      size: 286
      sha256: e43e5a24ec572cf043259a32d3fbf4bca058cefc09bfda8a4c7e9867a7c10d8d
  original:
    hackage: data-default-generics-0.3@sha256:f55db7e9dd6186606f6edb410437ed1311217cc8de17495e0b10564fc60708c2,1634
- completed:
    hackage: direct-daemonize-3.1@sha256:f33505932b8613267cd8ad2d51470af2c5708d750ddf55a5dd38292f04962dcc,1630
    pantry-tree:
      size: 220
      sha256: 5cbf9c1ac065471cb9caa29136b06bcddee17800bbc3e8ed6020b4af19a81f3e
  original:
    hackage: direct-daemonize-3.1@sha256:f33505932b8613267cd8ad2d51470af2c5708d750ddf55a5dd38292f04962dcc,1630
- completed:
    hackage: dual-tree-0.2.3.0@sha256:bba5476c1cefc3802708a72ab22b5eab9e182cc065507f4a1f673ebdfc694bad,2884
    pantry-tree:
      size: 387
      sha256: de4db590b1d73eaeb2c39b9cdea9b83f99adc81841b74da61548568b02143a52
  original:
    hackage: dual-tree-0.2.3.0@sha256:bba5476c1cefc3802708a72ab22b5eab9e182cc065507f4a1f673ebdfc694bad,2884
- completed:
    hackage: fake-0.1.2@sha256:daaacb6c71e592c985ceb3321da5afc959a8c16d4560e3049cab833a4f230aa7,2196
    pantry-tree:
      size: 1353
      sha256: 82ef525a11e5946a5db8f694c5897625bdb378f0bbbded497c0f37bbdef94d11
  original:
    hackage: fake-0.1.2@sha256:daaacb6c71e592c985ceb3321da5afc959a8c16d4560e3049cab833a4f230aa7,2196
- completed:
    hackage: fastsum-0.1.1.1@sha256:ddb41e30396cc091845596130fb441150118086c6f227c0bd5ce30dadf9dad56,2398
    pantry-tree:
      size: 431
      sha256: 45e007bf4395315bf2cdb5b17f1e956739d836a53fa9dd022ea3d0b123ded8f5
  original:
    hackage: fastsum-0.1.1.1@sha256:ddb41e30396cc091845596130fb441150118086c6f227c0bd5ce30dadf9dad56,2398
- completed:
    hackage: hipsql-api-0.0.0.0@sha256:6afcfc29a61c38e3ec94e3ade0d4fa01946aaa9b607060078d932fac271809a2,1096
    pantry-tree:
      size: 338
      sha256: 22c5aa189ef6be62b941b1d5fca7fdbee68638df790052bdda6a3824bc5bbf7a
  original:
    hackage: hipsql-api-0.0.0.0@sha256:6afcfc29a61c38e3ec94e3ade0d4fa01946aaa9b607060078d932fac271809a2,1096
- completed:
    hackage: hipsql-monad-0.0.0.0@sha256:47907fb466841313b0757ec3c16818fc88b19e8788cb0a6d6bbdca51472544ef,996
    pantry-tree:
      size: 177
      sha256: 770fe03c1b3947a69bb42016dcc5945cb163e00e5a03980c44f9806d200da8d1
  original:
    hackage: hipsql-monad-0.0.0.0@sha256:47907fb466841313b0757ec3c16818fc88b19e8788cb0a6d6bbdca51472544ef,996
- completed:
    hackage: hipsql-server-0.0.0.0@sha256:4e736e4a4577f43a01844d091de51023d43f891f42ab82423c2974c385b47e71,1810
    pantry-tree:
      size: 378
      sha256: da28c38a5b8bad7055990e48b26524b802d16a124f4ec937c55a5b683af78545
  original:
    hackage: hipsql-server-0.0.0.0@sha256:4e736e4a4577f43a01844d091de51023d43f891f42ab82423c2974c385b47e71,1810
- completed:
    hackage: hkd-0.1@sha256:6506bbfb963ed40a1ad65e9114930428d5d7c23c16dc2ed37525819fc402e0a7,2173
    pantry-tree:
      size: 443
      sha256: e76da64379a0061a294f3f1d77dd132690fc39ce77fff79807985d99c485bc02
  original:
    hackage: hkd-0.1@sha256:6506bbfb963ed40a1ad65e9114930428d5d7c23c16dc2ed37525819fc402e0a7,2173
- completed:
    hackage: hreader-1.1.0@sha256:8b6d5d671a1e574a72aea4d3d1b5aae994f598a4902be553168cd403d5f7e34f,1978
    pantry-tree:
      size: 404
      sha256: d5cf10580a0d663b7c4182e592f2c1c4baa3e6291d0e25948ec120cf03f854af
  original:
    hackage: hreader-1.1.0@sha256:8b6d5d671a1e574a72aea4d3d1b5aae994f598a4902be553168cd403d5f7e34f,1978
- completed:
    hackage: hset-2.2.0@sha256:f4b860555c9824510d949e846dcbdcff637066a26d0318a138ce70cb1a338481,2381
    pantry-tree:
      size: 753
      sha256: bfb7baa6477411384a2e548ff3ee6744d6527212697059563553e73a86186a71
  original:
    hackage: hset-2.2.0@sha256:f4b860555c9824510d949e846dcbdcff637066a26d0318a138ce70cb1a338481,2381
- completed:
    hackage: ldap-client-0.4.1@sha256:39655d36a87a638bab3de23b81b208322e4e63b539f966564fcb19d214853856,2225
    pantry-tree:
      size: 1705
      sha256: b67591df253d467238b67ec4bab84e13ba66adae47e57538747bbc30d593eca1
  original:
    hackage: ldap-client-0.4.1@sha256:39655d36a87a638bab3de23b81b208322e4e63b539f966564fcb19d214853856,2225
- completed:
    hackage: logging-effect-1.3.12@sha256:72d168dd09887649ba9501627219b6027cbec2d5541931555b7885b133785ce3,1679
    pantry-tree:
      size: 330
      sha256: 3907e21147987af4f1590abce025e7439f0d338444f259791068c361d586117f
  original:
    hackage: logging-effect-1.3.12@sha256:72d168dd09887649ba9501627219b6027cbec2d5541931555b7885b133785ce3,1679
- completed:
    hackage: named-0.3.0.1@sha256:418543272f0c844a77639b05276ee3906d5f305cd4cab46fafcb4f15b7f1e60d,2312
    pantry-tree:
      size: 426
      sha256: fd87deccfb910d6351dd1647f2e8a9f9302cbbe9cbd357466a426606909f8295
  original:
    hackage: named-0.3.0.1@sha256:418543272f0c844a77639b05276ee3906d5f305cd4cab46fafcb4f15b7f1e60d,2312
- completed:
    hackage: oidc-client-0.6.0.0@sha256:2079dc5c9dfb5b3e2fa93098254ca16787c01a0cd3634b1d84afe84c9a6c4825,3368
    pantry-tree:
      size: 1298
      sha256: c8dac64944a1e60d14958067e1992732effe723d60353690720c34b4d126af48
  original:
    hackage: oidc-client-0.6.0.0@sha256:2079dc5c9dfb5b3e2fa93098254ca16787c01a0cd3634b1d84afe84c9a6c4825,3368
- completed:
    hackage: one-time-password-2.0.0@sha256:9da17e88b6e57282cd436d2eb9a7683385dd4b594d45930d46f7215c2a964f39,1782
    pantry-tree:
      size: 371
      sha256: 18e141978cfd5676bd8e5f33a9f88b8839a3ff7942cc619e20899c4b7c3d4c62
  original:
    hackage: one-time-password-2.0.0@sha256:9da17e88b6e57282cd436d2eb9a7683385dd4b594d45930d46f7215c2a964f39,1782
- completed:
    hackage: opentracing-0.2.0@sha256:ec443222a46b0a2ad8c6eaa01b3be4ea9215c7d165475825a174cce0a73a7478,1811
    pantry-tree:
      size: 1099
      sha256: 6cf7b3305d890040706bb7bf2fcda1a71d8d13b47513b5b29a51bf18526b94cf
  original:
    hackage: opentracing-0.2.0@sha256:ec443222a46b0a2ad8c6eaa01b3be4ea9215c7d165475825a174cce0a73a7478,1811
- completed:
    hackage: opentracing-zipkin-common-0.2.0@sha256:490ec3fea28fbab43ed5a083a136f7dbf734edc4a3b31e124a7ce72f85491ad8,1170
    pantry-tree:
      size: 290
      sha256: 05c95b247e3e2ab9929808a6ab8b8c464134b7570711990764d2c786593d92a9
  original:
    hackage: opentracing-zipkin-common-0.2.0@sha256:490ec3fea28fbab43ed5a083a136f7dbf734edc4a3b31e124a7ce72f85491ad8,1170
- completed:
    hackage: opentracing-zipkin-v2-0.2.0@sha256:c4d38546615fb1de51f35f03f3f6adc69d995e430f039027fd9140cc215d3195,1289
    pantry-tree:
      size: 360
      sha256: 38419a6ae851bff4d4f0d436e10c74d2322d8b1d53b160ce75fddb3913a7450b
  original:
    hackage: opentracing-zipkin-v2-0.2.0@sha256:c4d38546615fb1de51f35f03f3f6adc69d995e430f039027fd9140cc215d3195,1289
- completed:
    hackage: persistent-mongoDB-2.13.0.0@sha256:66b9fcd3d3084068653e3898db867e5f49c4ff3a6040d595d549c52877220db5,2744
    pantry-tree:
      size: 593
      sha256: 5ae7b1ac51a0b083934193a6d01eea132adfe038b007afc992af7499432dcca7
  original:
    hackage: persistent-mongoDB-2.13.0.0@sha256:66b9fcd3d3084068653e3898db867e5f49c4ff3a6040d595d549c52877220db5,2744
- completed:
    hackage: postgresql-config-0.1.0@sha256:5ce9d48cd0f422910a3786d17f5c75331da222bbf8ccba03ba116eded6185db1,1294
    pantry-tree:
      size: 637
      sha256: 82475b807087d8ba607223fb85a7776d593f93cd5b140d7ca0b4a042d95e77e8
  original:
    hackage: postgresql-config-0.1.0@sha256:5ce9d48cd0f422910a3786d17f5c75331da222bbf8ccba03ba116eded6185db1,1294
- completed:
    hackage: postgresql-error-codes-1.0.1@sha256:34ce40401dc21762996dadd38336436f40a09da95ad3309ba6dc506d707cff11,1413
    pantry-tree:
      size: 240
      sha256: 2b8d529e883ae9ff4c1c98b05410edd6343b0ea2ec016bae256ff7d7ede3fc46
  original:
    hackage: postgresql-error-codes-1.0.1@sha256:34ce40401dc21762996dadd38336436f40a09da95ad3309ba6dc506d707cff11,1413
- completed:
    hackage: postgresql-query-3.9.0@sha256:6a1eb58e97c9651eedae61b19957f0ca8267e6649ca1bc0f31f4fc64163896e0,4977
    pantry-tree:
      size: 2067
      sha256: 9de9c636df8aa73cb9bfa010779b655e7befcb3a1b490ea319e97fa0661b7304
  original:
    hackage: postgresql-query-3.9.0@sha256:6a1eb58e97c9651eedae61b19957f0ca8267e6649ca1bc0f31f4fc64163896e0,4977
- completed:
    hackage: postgresql-tx-0.3.0.0@sha256:18f478390fe0d043f0416fce05949c12cb5d57837598b051b9df3fd586a121f4,1325
    pantry-tree:
      size: 614
      sha256: d4684e08f0cdb60dcf619f75d36b403980de23b7ded66be7d057da84bab98b54
  original:
    hackage: postgresql-tx-0.3.0.0@sha256:18f478390fe0d043f0416fce05949c12cb5d57837598b051b9df3fd586a121f4,1325
- completed:
    hackage: postgresql-tx-monad-logger-0.3.0.0@sha256:88cc8ec9c6efe39077b127bff8c41c05bcb4f971f9bcc24c622d79b1333f6bca,1303
    pantry-tree:
      size: 401
      sha256: 8ff9c2b6605d994cf681a8f7aa41276c2e2440f7786f25bcec3f58cd293a9f98
  original:
    hackage: postgresql-tx-monad-logger-0.3.0.0@sha256:88cc8ec9c6efe39077b127bff8c41c05bcb4f971f9bcc24c622d79b1333f6bca,1303
- completed:
    hackage: postgresql-tx-query-0.3.0.0@sha256:c41349ec6f4416e73011ef4afd7babc2227dfbe0162488731c5876c810bc0cb2,1689
    pantry-tree:
      size: 480
      sha256: e54059c12540da592dfcba22ffa8002c5fe789280908b317b3db995cce10d3b7
  original:
    hackage: postgresql-tx-query-0.3.0.0@sha256:c41349ec6f4416e73011ef4afd7babc2227dfbe0162488731c5876c810bc0cb2,1689
- completed:
    hackage: postgresql-tx-simple-0.3.0.0@sha256:b98b2e79bee88ae01862cfa7430b261af2975cf068d641172945190475bd1bc8,1367
    pantry-tree:
      size: 389
      sha256: f064f1537a4bce6cbd38c74e0aeeb4332c728eb20bb1b5843625d38d9ada5103
  original:
    hackage: postgresql-tx-simple-0.3.0.0@sha256:b98b2e79bee88ae01862cfa7430b261af2975cf068d641172945190475bd1bc8,1367
- completed:
    hackage: postgresql-tx-squeal-0.3.0.0@sha256:9a7d60e731689b2641b0414ecb400f734197348361b0fcbe50fbcbd337995e79,1533
    pantry-tree:
      size: 483
      sha256: 453b9af2d9b90d6d75eaf1ed61832847ad6db05ea3f6de81e462397d94a4862f
  original:
    hackage: postgresql-tx-squeal-0.3.0.0@sha256:9a7d60e731689b2641b0414ecb400f734197348361b0fcbe50fbcbd337995e79,1533
- completed:
    hackage: postgresql-tx-squeal-compat-simple-0.2.0.0@sha256:3e4a8d9b8526f10ec2c801071da36fd5d9a731a7d068833931fa135506cc6588,1327
    pantry-tree:
      size: 329
      sha256: 57d4c4f914909a7c5b4f55ce2709ba47f15844a065034b2364176213e305cf4d
  original:
    hackage: postgresql-tx-squeal-compat-simple-0.2.0.0@sha256:3e4a8d9b8526f10ec2c801071da36fd5d9a731a7d068833931fa135506cc6588,1327
- completed:
    hackage: qq-literals-0.1.1.0@sha256:803b170639d450252310354f00e474fcb119afaba0a154f8bdaa3695b34c5568,1454
    pantry-tree:
      size: 377
      sha256: f1aff56b5998b8abddb61c65e39fb3ab8fd7e54252c75fe7017f268327a545c3
  original:
    hackage: qq-literals-0.1.1.0@sha256:803b170639d450252310354f00e474fcb119afaba0a154f8bdaa3695b34c5568,1454
- completed:
    hackage: reroute-0.6.0.0@sha256:43805b3fdc7ed1ba701cd10e249abc997b2291c8f374b8333bb2ea0e0d1dad0b,2382
    pantry-tree:
      size: 660
      sha256: 0a27afabb1730147d6aa0ddf5cc6368951c4625e3706cb8f5388da9739372fa3
  original:
    hackage: reroute-0.6.0.0@sha256:43805b3fdc7ed1ba701cd10e249abc997b2291c8f374b8333bb2ea0e0d1dad0b,2382
- completed:
    hackage: rosebud-0.2.0.0@sha256:b58ad5a74dfa4660aa0950e1f7c36e55c5e30ac2e568f9d4c2bada76fbaaabdc,1788
    pantry-tree:
      size: 529
      sha256: 1baefc3e4847eff9219ad7100878c3a5de137e29d1faaf35a75eb71d945b5a14
  original:
    hackage: rosebud-0.2.0.0@sha256:b58ad5a74dfa4660aa0950e1f7c36e55c5e30ac2e568f9d4c2bada76fbaaabdc,1788
- completed:
    hackage: servant-cassava-0.10.1@sha256:07e7b6ca67cf57dcb4a0041a399a25d058844505837c6479e01d62be59d01fdf,1665
    pantry-tree:
      size: 282
      sha256: 69afc41d76abb84ec4dbd67c7d30d665817bfcafb06f28d5f8d0d1e25604a618
  original:
    hackage: servant-cassava-0.10.1@sha256:07e7b6ca67cf57dcb4a0041a399a25d058844505837c6479e01d62be59d01fdf,1665
- completed:
    hackage: servant-flatten-0.2@sha256:276896f7c5cdec5b8f8493f6205fded0cc602d050b58fdb09a6d7c85c3bb0837,1234
    pantry-tree:
      size: 325
      sha256: 04f12c7bef2c3f9a25d94eb9489752ed498db8e243069fe95838dbb51df1dcb3
  original:
    hackage: servant-flatten-0.2@sha256:276896f7c5cdec5b8f8493f6205fded0cc602d050b58fdb09a6d7c85c3bb0837,1234
- completed:
    hackage: servant-lucid-0.9.0.2@sha256:693278d574dba7313e931200118424762c02682bbc654e8866be4e6d1c73d816,1803
    pantry-tree:
      size: 392
      sha256: c5635bc53887b81087c3430341790d45cd4063340a0baa62bedd2e77ed4aa84d
  original:
    hackage: servant-lucid-0.9.0.2@sha256:693278d574dba7313e931200118424762c02682bbc654e8866be4e6d1c73d816,1803
- completed:
    hackage: servant-rawm-client-1.0.0.2@sha256:d5c4dd23b8f670e90e8e05b65eab95347b8d78f3ac6654440e74f3e020df02ef,1679
    pantry-tree:
      size: 285
      sha256: 639f270ca92f06b9b6b472634bbda7c3518b9fb6616a406e6de2a0b97bca3c05
  original:
    hackage: servant-rawm-client-1.0.0.2@sha256:d5c4dd23b8f670e90e8e05b65eab95347b8d78f3ac6654440e74f3e020df02ef,1679
- completed:
    hackage: servant-rawm-server-1.0.0.1@sha256:bdbc14572a3ca58a8468b1ea1ccb160d77aa56702007c19b55e01e0a4a87ef11,1869
    pantry-tree:
      size: 285
      sha256: bcf7ba89ef60c8d02378ceffb32580370a5a97b17fc4edc05ea420d4e8430bc4
  original:
    hackage: servant-rawm-server-1.0.0.1@sha256:bdbc14572a3ca58a8468b1ea1ccb160d77aa56702007c19b55e01e0a4a87ef11,1869
- completed:
    hackage: servant-static-th-1.0.0.0@sha256:7dc46a426d8c78ee0386729159e8bbc18ff98e0dd700a2c723c87901b204fa6c,3883
    pantry-tree:
      size: 1493
      sha256: 13269fcc1c871ee1548d31010f0278484318bffbd9b8e0c0bfdfab4e27d6c3d5
  original:
    hackage: servant-static-th-1.0.0.0@sha256:7dc46a426d8c78ee0386729159e8bbc18ff98e0dd700a2c723c87901b204fa6c,3883
- completed:
    hackage: servant-websockets-2.0.0@sha256:6e9e3600bced90fd52ed3d1bf632205cb21479075b20d6637153cc4567000234,2253
    pantry-tree:
      size: 523
      sha256: 085c6620bff7671bef1d969652a349271c3703fbf10dd753cb63ee1cd700bca5
  original:
    hackage: servant-websockets-2.0.0@sha256:6e9e3600bced90fd52ed3d1bf632205cb21479075b20d6637153cc4567000234,2253
- completed:
    hackage: servant-yaml-0.1.0.1@sha256:c099afd6803c23f31e359ff65e757663d2513f2551d6418418235ce0f678324d,1526
    pantry-tree:
      size: 321
      sha256: 9590013ce5eeb789abdc6ae390af921941750613edc42a1047d7f1bf78e28237
  original:
    hackage: servant-yaml-0.1.0.1@sha256:c099afd6803c23f31e359ff65e757663d2513f2551d6418418235ce0f678324d,1526
- completed:
    hackage: shower-0.2.0.2@sha256:2c2b1cd25e4330f03ba68631b37d4346bf42644bc8e9a7a819ce605acc72bb34,1473
    pantry-tree:
      size: 2034
      sha256: e076f733749bf052117febc8f8b68500cc35a466534ef011da42833cbf38d29e
  original:
    hackage: shower-0.2.0.2@sha256:2c2b1cd25e4330f03ba68631b37d4346bf42644bc8e9a7a819ce605acc72bb34,1473
- completed:
    hackage: smallcheck-series-0.7.1.0@sha256:dc647718c93fcddf6d13ecfae812d8fd02aae4f451b2d54cfd21b7c49d89d21a,2507
    pantry-tree:
      size: 961
      sha256: bb58737bdf9acab62079e40e01c7526a37ce7aa89f2356cd4124b3c498f9554d
  original:
    hackage: smallcheck-series-0.7.1.0@sha256:dc647718c93fcddf6d13ecfae812d8fd02aae4f451b2d54cfd21b7c49d89d21a,2507
- completed:
    hackage: statestack-0.3@sha256:be43ce2cd790a4732b88cdc9480458503cb5e307b4f79a502d99d5b3d417730e,1135
    pantry-tree:
      size: 272
      sha256: ea567f5e40bda7ec0896394e386ab82ad48d5dc332b4bd9f3191b2d615dc126d
  original:
    hackage: statestack-0.3@sha256:be43ce2cd790a4732b88cdc9480458503cb5e307b4f79a502d99d5b3d417730e,1135
- completed:
    hackage: streamly-bytestring-0.1.3@sha256:a13ddf464ead0f4d66a8ca7f8cd60e3a8198067a2e7ff98d662023bc220ebdd2,2477
    pantry-tree:
      size: 532
      sha256: b9cb120ba06ed5ea51b39d8f6a5c068db28d2e9a34beb28a2c7ee410c42ba1f3
  original:
    hackage: streamly-bytestring-0.1.3@sha256:a13ddf464ead0f4d66a8ca7f8cd60e3a8198067a2e7ff98d662023bc220ebdd2,2477
- completed:
    hackage: svg-builder-0.1.1@sha256:22de54d326a6b6912e461e1302edb9108b02aac0b6a6368fcdc3c4a224d487fd,1440
    pantry-tree:
      size: 535
      sha256: 677ee9598c5dedb3ef8959c26a6c65f29b3e1e3c5e83433921aef17d86a22d50
  original:
    hackage: svg-builder-0.1.1@sha256:22de54d326a6b6912e461e1302edb9108b02aac0b6a6368fcdc3c4a224d487fd,1440
- completed:
    hackage: symbols-0.3.0.0@sha256:5d051bccbd4bcb33fa8ce076bd3cd2bacc90973682f7340976758947eaa128a9,964
    pantry-tree:
      size: 529
      sha256: 06746077732f4d49d3277821303292314d51df9a63efecd47217fc0946233026
  original:
    hackage: symbols-0.3.0.0@sha256:5d051bccbd4bcb33fa8ce076bd3cd2bacc90973682f7340976758947eaa128a9,964
- completed:
    hackage: threads-extras-0.1.0.3@sha256:aec6074177a6b201821639f1ee6ac6176033418d821cc707ab05a9dcb2844ca3,1211
    pantry-tree:
      size: 301
      sha256: 2f8d58e839f6a0e72affbe1acd9872efbba62d91e0d9c39582d7bc6c3fad4735
  original:
    hackage: threads-extras-0.1.0.3@sha256:aec6074177a6b201821639f1ee6ac6176033418d821cc707ab05a9dcb2844ca3,1211
- completed:
    hackage: time-qq-0.0.1.0@sha256:0eb66a848f6d0c37dd84cdbd7e8a108e6929c93f503bc397690eb525a277e7bc,1163
    pantry-tree:
      size: 265
      sha256: e8d10e41d1ee780f504fb706edd5fe0961d0863f4be600bae30bfc77b5740616
  original:
    hackage: time-qq-0.0.1.0@sha256:0eb66a848f6d0c37dd84cdbd7e8a108e6929c93f503bc397690eb525a277e7bc,1163
- completed:
    hackage: timing-convenience-0.1@sha256:7ff807a9a9e5596f2b18d45c5a01aefb91d4a98f6a1008d183b5c550f68f7cb7,2092
    pantry-tree:
      size: 469
      sha256: fbcb00f5b8a4f7b8fd94b034b7f507ffdd7579848de782ce60ad2b661dcb2b42
  original:
    hackage: timing-convenience-0.1@sha256:7ff807a9a9e5596f2b18d45c5a01aefb91d4a98f6a1008d183b5c550f68f7cb7,2092
- completed:
    hackage: type-fun-0.1.3@sha256:336b851757792f201078043210aec180021ac052f0955c71fa330a5fe11b0604,1765
    pantry-tree:
      size: 583
      sha256: b977d42525f0b4223959918d18e7905085283e937493c395077b608cd19b42c1
  original:
    hackage: type-fun-0.1.3@sha256:336b851757792f201078043210aec180021ac052f0955c71fa330a5fe11b0604,1765
- completed:
    hackage: uuid-quasi-0.1.0.1@sha256:232c7bcf08f2254da52ecb2edf069734d9da5a5240b746f0609fb49b502f3909,797
    pantry-tree:
      size: 307
      sha256: 3757a4396890a1a9a3e33def358056058f774e0eb3a059d7ec24d785adaa5ab7
  original:
    hackage: uuid-quasi-0.1.0.1@sha256:232c7bcf08f2254da52ecb2edf069734d9da5a5240b746f0609fb49b502f3909,797
- completed:
    hackage: variadic-0.0.0.0@sha256:3ce962ad65e6a5e97abfac5fe50aabe5317d1dd3742e9e5b4ac9990fe2f2c61b,2275
    pantry-tree:
      size: 1143
      sha256: 7a6ef7e5b07d9214cee4df1ea3cd8a0482f823835432f5a90ce6c9cde2386fee
  original:
    hackage: variadic-0.0.0.0@sha256:3ce962ad65e6a5e97abfac5fe50aabe5317d1dd3742e9e5b4ac9990fe2f2c61b,2275
- completed:
    hackage: wai-middleware-metrics-0.2.4@sha256:d6b6916acd41aaef4ca59a839d40a3a377f9df784ae49fd4c64926ae916b6ba2,2890
    pantry-tree:
      size: 330
      sha256: 99366b831109417cd8e739fb45e9fd214cb79f28a507f8154e5528120042d0ac
  original:
    hackage: wai-middleware-metrics-0.2.4@sha256:d6b6916acd41aaef4ca59a839d40a3a377f9df784ae49fd4c64926ae916b6ba2,2890
- completed:
    hackage: monoid-extras-0.6@sha256:fabcab0a59ac48d8f271016cf8190b21969b202c760df2db85add2fef93d38b4,2197
    pantry-tree:
      size: 1187
      sha256: b07d7eef465c7cbc2f5c8368ef98b8a746166cb6953c1f51643f9fba6ead99e0
  original:
    hackage: monoid-extras-0.6@sha256:fabcab0a59ac48d8f271016cf8190b21969b202c760df2db85add2fef93d38b4,2197
- completed:
    hackage: streamly-0.8.0@sha256:9784c80ee1ada51477520cabc4e92a0c76a6bb265f968a188f2fce818e7398e0,19654
    pantry-tree:
      size: 21676
      sha256: 42c3843e920955b647a25a125c090efa72e024d1ef73d8e3ccf5710dc9217940
  original:
    hackage: streamly-0.8.0@sha256:9784c80ee1ada51477520cabc4e92a0c76a6bb265f968a188f2fce818e7398e0,19654
- completed:
    hackage: diagrams-core-1.5.0@sha256:eae2e82ad2e5ddbbfc9875067a0810dc4ebf35549ca6d0018a536d94b3aa7bf1,2973
    pantry-tree:
      size: 2018
      sha256: 55a663e11c72359d0acedbc7e438f4cfbd5a9661525e464e2b42d746cbcd776d
  original:
    hackage: diagrams-core-1.5.0
- completed:
    hackage: diagrams-lib-1.4.4@sha256:1129be254377b926ce2e932113e4bd06256de878d163fbcbacacf1be97bdf3b0,8220
    pantry-tree:
      size: 11604
      sha256: a96099f5e6e4c3236dd2c2dd301e5498a1dd4b968a05dcec144c46eb53e6d912
  original:
    hackage: diagrams-lib-1.4.4@sha256:1129be254377b926ce2e932113e4bd06256de878d163fbcbacacf1be97bdf3b0,8220
- completed:
    hackage: diagrams-postscript-1.5@sha256:ea9ef970f653072cfde9715fad92481eedcc72a94da543c52a68ca33100902ab,2369
    pantry-tree:
      size: 480
      sha256: 18c9abaa057965a85174a6f884e850af37711ba55c708bbd6127384e0180e46b
  original:
    hackage: diagrams-postscript-1.5@sha256:ea9ef970f653072cfde9715fad92481eedcc72a94da543c52a68ca33100902ab,2369
- completed:
    hackage: diagrams-svg-1.4.3@sha256:407ff78cb7bd1f44c68b0059036186f17a281a053901e29d0139ab151e703247,3159
    pantry-tree:
      size: 475
      sha256: 53c2221ee415d9bfc2f0dd886b67b1edbfdb91f68e809b43cf0bb830fc870ad7
  original:
    hackage: diagrams-svg-1.4.3@sha256:407ff78cb7bd1f44c68b0059036186f17a281a053901e29d0139ab151e703247,3159
- completed:
    hackage: network-3.1.2.7@sha256:e3d78b13db9512aeb106e44a334ab42b7aa48d26c097299084084cb8be5c5568,4888
    pantry-tree:
      size: 3971
      sha256: 1981a732d1917213de7f51d26255af733a61918c59eebb6c6f6ca939856839ef
  original:
    hackage: network-3.1.2.7
- completed:
    hackage: network-bsd-2.8.1.0@sha256:cd945ea08818281e4a8fa6f0a0640a1502aad3748546a3c197e071772452a9bd,3738
    pantry-tree:
      size: 264
      sha256: f8f2a2d68923368c37ceedb8935fafe39ae6dc1ec9e89e7ddad09088c2b3b053
  original:
    hackage: network-bsd-2.8.1.0
- completed:
    name: mongoDB
    version: 2.7.1.1
    git: https://github.com/peterbecich/mongodb
    pantry-tree:
      size: 2365
      sha256: c3269866695272f3dfd1315c8fa46404d34532c529fd1837def8aba36e5b093e
    commit: be23606c27360e2ea77eff8dbe65beb0829c3620
  original:
    git: https://github.com/peterbecich/mongodb
    commit: be23606c27360e2ea77eff8dbe65beb0829c3620
snapshots:
- completed:
    size: 590100
    url: https://raw.githubusercontent.com/commercialhaskell/stackage-snapshots/master/lts/18/28.yaml
    sha256: 428ec8d5ce932190d3cbe266b9eb3c175cd81e984babf876b64019e2cbe4ea68
  original: lts-18.28
